
Microsoft Visual Studio Solution File, Format Version 12.00
# Visual Studio Version 17
VisualStudioVersion = 17.0.31919.166
MinimumVisualStudioVersion = 10.0.40219.1
Project("{FAE04EC0-301F-11D3-BF4B-00C04F79EFBC}") = "ProjetoCalculadora.ConsoleUI", "ProjetoCalculadora.ConsoleUI\ProjetoCalculadora.ConsoleUI.csproj", "{F703C852-222A-4661-AF81-5B6419C2D3C5}"
EndProject
Global
	GlobalSection(SolutionConfigurationPlatforms) = preSolution
		Debug|Any CPU = Debug|Any CPU
		Release|Any CPU = Release|Any CPU
	EndGlobalSection
	GlobalSection(ProjectConfigurationPlatforms) = postSolution
		{F703C852-222A-4661-AF81-5B6419C2D3C5}.Debug|Any CPU.ActiveCfg = Debug|Any CPU
		{F703C852-222A-4661-AF81-5B6419C2D3C5}.Debug|Any CPU.Build.0 = Debug|Any CPU
		{F703C852-222A-4661-AF81-5B6419C2D3C5}.Release|Any CPU.ActiveCfg = Release|Any CPU
		{F703C852-222A-4661-AF81-5B6419C2D3C5}.Release|Any CPU.Build.0 = Release|Any CPU
	EndGlobalSection
	GlobalSection(SolutionProperties) = preSolution
		HideSolutionNode = FALSE
	EndGlobalSection
	GlobalSection(ExtensibilityGlobals) = postSolution
		SolutionGuid = {D6772F62-EEAC-4D13-BA4D-D10EB0D09B7F}
	EndGlobalSection
EndGlobal
